
Microsoft Visual Studio Solution File, Format Version 12.00
# Visual Studio 14
VisualStudioVersion = 14.0.25420.1
MinimumVisualStudioVersion = 10.0.40219.1
Project("{FAE04EC0-301F-11D3-BF4B-00C04F79EFBC}") = "AngularJS-UploadAndDownloadFiles", "AngularJS-UploadAndDownloadFiles\AngularJS-UploadAndDownloadFiles.csproj", "{C1648416-252D-4F1F-BE60-B5DD482D7036}"
EndProject
Project("{FAE04EC0-301F-11D3-BF4B-00C04F79EFBC}") = "WebApi-UploadAndDownloadFiles", "WebApi-UploadAndDownloadFiles\WebApi-UploadAndDownloadFiles.csproj", "{396AAE84-90AE-4D65-9553-CF723FAE7CB4}"
EndProject
Global
	GlobalSection(SolutionConfigurationPlatforms) = preSolution
		Debug|Any CPU = Debug|Any CPU
		Release|Any CPU = Release|Any CPU
	EndGlobalSection
	GlobalSection(ProjectConfigurationPlatforms) = postSolution
		{C1648416-252D-4F1F-BE60-B5DD482D7036}.Debug|Any CPU.ActiveCfg = Debug|Any CPU
		{C1648416-252D-4F1F-BE60-B5DD482D7036}.Debug|Any CPU.Build.0 = Debug|Any CPU
		{C1648416-252D-4F1F-BE60-B5DD482D7036}.Release|Any CPU.ActiveCfg = Release|Any CPU
		{C1648416-252D-4F1F-BE60-B5DD482D7036}.Release|Any CPU.Build.0 = Release|Any CPU
		{396AAE84-90AE-4D65-9553-CF723FAE7CB4}.Debug|Any CPU.ActiveCfg = Debug|Any CPU
		{396AAE84-90AE-4D65-9553-CF723FAE7CB4}.Debug|Any CPU.Build.0 = Debug|Any CPU
		{396AAE84-90AE-4D65-9553-CF723FAE7CB4}.Release|Any CPU.ActiveCfg = Release|Any CPU
		{396AAE84-90AE-4D65-9553-CF723FAE7CB4}.Release|Any CPU.Build.0 = Release|Any CPU
	EndGlobalSection
	GlobalSection(SolutionProperties) = preSolution
		HideSolutionNode = FALSE
	EndGlobalSection
EndGlobal
